
Microsoft Visual Studio Solution File, Format Version 12.00
Project("{FAE04EC0-301F-11D3-BF4B-00C04F79EFBC}") = "SVFileMapper", "SVFileMapper\SVFileMapper.csproj", "{F4CFD386-790A-42E4-8B83-F210694B2F2C}"
EndProject
Project("{FAE04EC0-301F-11D3-BF4B-00C04F79EFBC}") = "SVFileMapperTests", "SVFileMapperTests\SVFileMapperTests.csproj", "{7067AA41-BB32-4D6F-A605-D9157C6EFCEC}"
EndProject
Global
	GlobalSection(SolutionConfigurationPlatforms) = preSolution
		Debug|Any CPU = Debug|Any CPU
		Release|Any CPU = Release|Any CPU
	EndGlobalSection
	GlobalSection(ProjectConfigurationPlatforms) = postSolution
		{F4CFD386-790A-42E4-8B83-F210694B2F2C}.Debug|Any CPU.ActiveCfg = Debug|Any CPU
		{F4CFD386-790A-42E4-8B83-F210694B2F2C}.Debug|Any CPU.Build.0 = Debug|Any CPU
		{F4CFD386-790A-42E4-8B83-F210694B2F2C}.Release|Any CPU.ActiveCfg = Release|Any CPU
		{F4CFD386-790A-42E4-8B83-F210694B2F2C}.Release|Any CPU.Build.0 = Release|Any CPU
		{7067AA41-BB32-4D6F-A605-D9157C6EFCEC}.Debug|Any CPU.ActiveCfg = Debug|Any CPU
		{7067AA41-BB32-4D6F-A605-D9157C6EFCEC}.Debug|Any CPU.Build.0 = Debug|Any CPU
		{7067AA41-BB32-4D6F-A605-D9157C6EFCEC}.Release|Any CPU.ActiveCfg = Release|Any CPU
		{7067AA41-BB32-4D6F-A605-D9157C6EFCEC}.Release|Any CPU.Build.0 = Release|Any CPU
	EndGlobalSection
EndGlobal
